
Microsoft Visual Studio Solution File, Format Version 12.00
Project("{2150E333-8FDC-42A3-9474-1A3956D46DE8}") = "src", "src", "{827E0CD3-B72D-47B6-A68D-7590B98EB39B}"
EndProject
Project("{FAE04EC0-301F-11D3-BF4B-00C04F79EFBC}") = "Chronoscope.Domain", "src\Chronoscope.Domain\Chronoscope.Domain.csproj", "{7AB8DFA4-C1A9-4476-9579-6899D5EA7B79}"
EndProject
Project("{FAE04EC0-301F-11D3-BF4B-00C04F79EFBC}") = "Chronoscope.Application", "src\Chronoscope.Application\Chronoscope.Application.csproj", "{83FBEB35-900E-4C78-A4ED-9424E4A554DC}"
EndProject
Project("{FAE04EC0-301F-11D3-BF4B-00C04F79EFBC}") = "Chronoscope.Data", "src\Chronoscope.Data\Chronoscope.Data.csproj", "{630F2B94-AA03-4D4E-B977-FE01C5D65D94}"
EndProject
Project("{FAE04EC0-301F-11D3-BF4B-00C04F79EFBC}") = "Chronoscope.Infrastructure", "src\Chronoscope.Infrastructure\Chronoscope.Infrastructure.csproj", "{83759376-8B6E-4DBC-B67D-0237DA1916FC}"
EndProject
Project("{FAE04EC0-301F-11D3-BF4B-00C04F79EFBC}") = "Chronoscope.Web", "src\Chronoscope.Web\Chronoscope.Web.csproj", "{8445BA81-1BE3-451F-87C9-A94E685269EB}"
EndProject
Project("{FAE04EC0-301F-11D3-BF4B-00C04F79EFBC}") = "Chronoscope.Host", "src\Chronoscope.Host\Chronoscope.Host.csproj", "{D80C4600-1476-4583-9117-74449AF7EA05}"
EndProject
Project("{2150E333-8FDC-42A3-9474-1A3956D46DE8}") = "tests", "tests", "{0AB3BF05-4346-4AA6-1389-037BE0695223}"
EndProject
Project("{FAE04EC0-301F-11D3-BF4B-00C04F79EFBC}") = "Chronoscope.Tests.Unit", "tests\Chronoscope.Tests.Unit\Chronoscope.Tests.Unit.csproj", "{72C02C5B-0E70-44DF-90C4-6FBC54831BA8}"
EndProject
Global
	GlobalSection(SolutionConfigurationPlatforms) = preSolution
		Debug|Any CPU = Debug|Any CPU
		Debug|x64 = Debug|x64
		Debug|x86 = Debug|x86
		Release|Any CPU = Release|Any CPU
		Release|x64 = Release|x64
		Release|x86 = Release|x86
	EndGlobalSection
	GlobalSection(ProjectConfigurationPlatforms) = postSolution
		{7AB8DFA4-C1A9-4476-9579-6899D5EA7B79}.Debug|Any CPU.ActiveCfg = Debug|Any CPU
		{7AB8DFA4-C1A9-4476-9579-6899D5EA7B79}.Debug|Any CPU.Build.0 = Debug|Any CPU
		{7AB8DFA4-C1A9-4476-9579-6899D5EA7B79}.Debug|x64.ActiveCfg = Debug|Any CPU
		{7AB8DFA4-C1A9-4476-9579-6899D5EA7B79}.Debug|x64.Build.0 = Debug|Any CPU
		{7AB8DFA4-C1A9-4476-9579-6899D5EA7B79}.Debug|x86.ActiveCfg = Debug|Any CPU
		{7AB8DFA4-C1A9-4476-9579-6899D5EA7B79}.Debug|x86.Build.0 = Debug|Any CPU
		{7AB8DFA4-C1A9-4476-9579-6899D5EA7B79}.Release|Any CPU.ActiveCfg = Release|Any CPU
		{7AB8DFA4-C1A9-4476-9579-6899D5EA7B79}.Release|Any CPU.Build.0 = Release|Any CPU
		{7AB8DFA4-C1A9-4476-9579-6899D5EA7B79}.Release|x64.ActiveCfg = Release|Any CPU
		{7AB8DFA4-C1A9-4476-9579-6899D5EA7B79}.Release|x64.Build.0 = Release|Any CPU
		{7AB8DFA4-C1A9-4476-9579-6899D5EA7B79}.Release|x86.ActiveCfg = Release|Any CPU
		{7AB8DFA4-C1A9-4476-9579-6899D5EA7B79}.Release|x86.Build.0 = Release|Any CPU
		{83FBEB35-900E-4C78-A4ED-9424E4A554DC}.Debug|Any CPU.ActiveCfg = Debug|Any CPU
		{83FBEB35-900E-4C78-A4ED-9424E4A554DC}.Debug|Any CPU.Build.0 = Debug|Any CPU
		{83FBEB35-900E-4C78-A4ED-9424E4A554DC}.Debug|x64.ActiveCfg = Debug|Any CPU
		{83FBEB35-900E-4C78-A4ED-9424E4A554DC}.Debug|x64.Build.0 = Debug|Any CPU
		{83FBEB35-900E-4C78-A4ED-9424E4A554DC}.Debug|x86.ActiveCfg = Debug|Any CPU
		{83FBEB35-900E-4C78-A4ED-9424E4A554DC}.Debug|x86.Build.0 = Debug|Any CPU
		{83FBEB35-900E-4C78-A4ED-9424E4A554DC}.Release|Any CPU.ActiveCfg = Release|Any CPU
		{83FBEB35-900E-4C78-A4ED-9424E4A554DC}.Release|Any CPU.Build.0 = Release|Any CPU
		{83FBEB35-900E-4C78-A4ED-9424E4A554DC}.Release|x64.ActiveCfg = Release|Any CPU
		{83FBEB35-900E-4C78-A4ED-9424E4A554DC}.Release|x64.Build.0 = Release|Any CPU
		{83FBEB35-900E-4C78-A4ED-9424E4A554DC}.Release|x86.ActiveCfg = Release|Any CPU
		{83FBEB35-900E-4C78-A4ED-9424E4A554DC}.Release|x86.Build.0 = Release|Any CPU
		{630F2B94-AA03-4D4E-B977-FE01C5D65D94}.Debug|Any CPU.ActiveCfg = Debug|Any CPU
		{630F2B94-AA03-4D4E-B977-FE01C5D65D94}.Debug|Any CPU.Build.0 = Debug|Any CPU
		{630F2B94-AA03-4D4E-B977-FE01C5D65D94}.Debug|x64.ActiveCfg = Debug|Any CPU
		{630F2B94-AA03-4D4E-B977-FE01C5D65D94}.Debug|x64.Build.0 = Debug|Any CPU
		{630F2B94-AA03-4D4E-B977-FE01C5D65D94}.Debug|x86.ActiveCfg = Debug|Any CPU
		{630F2B94-AA03-4D4E-B977-FE01C5D65D94}.Debug|x86.Build.0 = Debug|Any CPU
		{630F2B94-AA03-4D4E-B977-FE01C5D65D94}.Release|Any CPU.ActiveCfg = Release|Any CPU
		{630F2B94-AA03-4D4E-B977-FE01C5D65D94}.Release|Any CPU.Build.0 = Release|Any CPU
		{630F2B94-AA03-4D4E-B977-FE01C5D65D94}.Release|x64.ActiveCfg = Release|Any CPU
		{630F2B94-AA03-4D4E-B977-FE01C5D65D94}.Release|x64.Build.0 = Release|Any CPU
		{630F2B94-AA03-4D4E-B977-FE01C5D65D94}.Release|x86.ActiveCfg = Release|Any CPU
		{630F2B94-AA03-4D4E-B977-FE01C5D65D94}.Release|x86.Build.0 = Release|Any CPU
		{83759376-8B6E-4DBC-B67D-0237DA1916FC}.Debug|Any CPU.ActiveCfg = Debug|Any CPU
		{83759376-8B6E-4DBC-B67D-0237DA1916FC}.Debug|Any CPU.Build.0 = Debug|Any CPU
		{83759376-8B6E-4DBC-B67D-0237DA1916FC}.Debug|x64.ActiveCfg = Debug|Any CPU
		{83759376-8B6E-4DBC-B67D-0237DA1916FC}.Debug|x64.Build.0 = Debug|Any CPU
		{83759376-8B6E-4DBC-B67D-0237DA1916FC}.Debug|x86.ActiveCfg = Debug|Any CPU
		{83759376-8B6E-4DBC-B67D-0237DA1916FC}.Debug|x86.Build.0 = Debug|Any CPU
		{83759376-8B6E-4DBC-B67D-0237DA1916FC}.Release|Any CPU.ActiveCfg = Release|Any CPU
		{83759376-8B6E-4DBC-B67D-0237DA1916FC}.Release|Any CPU.Build.0 = Release|Any CPU
		{83759376-8B6E-4DBC-B67D-0237DA1916FC}.Release|x64.ActiveCfg = Release|Any CPU
		{83759376-8B6E-4DBC-B67D-0237DA1916FC}.Release|x64.Build.0 = Release|Any CPU
		{83759376-8B6E-4DBC-B67D-0237DA1916FC}.Release|x86.ActiveCfg = Release|Any CPU
		{83759376-8B6E-4DBC-B67D-0237DA1916FC}.Release|x86.Build.0 = Release|Any CPU
		{8445BA81-1BE3-451F-87C9-A94E685269EB}.Debug|Any CPU.ActiveCfg = Debug|Any CPU
		{8445BA81-1BE3-451F-87C9-A94E685269EB}.Debug|Any CPU.Build.0 = Debug|Any CPU
		{8445BA81-1BE3-451F-87C9-A94E685269EB}.Debug|x64.ActiveCfg = Debug|Any CPU
		{8445BA81-1BE3-451F-87C9-A94E685269EB}.Debug|x64.Build.0 = Debug|Any CPU
		{8445BA81-1BE3-451F-87C9-A94E685269EB}.Debug|x86.ActiveCfg = Debug|Any CPU
		{8445BA81-1BE3-451F-87C9-A94E685269EB}.Debug|x86.Build.0 = Debug|Any CPU
		{8445BA81-1BE3-451F-87C9-A94E685269EB}.Release|Any CPU.ActiveCfg = Release|Any CPU
		{8445BA81-1BE3-451F-87C9-A94E685269EB}.Release|Any CPU.Build.0 = Release|Any CPU
		{8445BA81-1BE3-451F-87C9-A94E685269EB}.Release|x64.ActiveCfg = Release|Any CPU
		{8445BA81-1BE3-451F-87C9-A94E685269EB}.Release|x64.Build.0 = Release|Any CPU
		{8445BA81-1BE3-451F-87C9-A94E685269EB}.Release|x86.ActiveCfg = Release|Any CPU
		{8445BA81-1BE3-451F-87C9-A94E685269EB}.Release|x86.Build.0 = Release|Any CPU
		{D80C4600-1476-4583-9117-74449AF7EA05}.Debug|Any CPU.ActiveCfg = Debug|Any CPU
		{D80C4600-1476-4583-9117-74449AF7EA05}.Debug|Any CPU.Build.0 = Debug|Any CPU
		{D80C4600-1476-4583-9117-74449AF7EA05}.Debug|x64.ActiveCfg = Debug|Any CPU
		{D80C4600-1476-4583-9117-74449AF7EA05}.Debug|x64.Build.0 = Debug|Any CPU
		{D80C4600-1476-4583-9117-74449AF7EA05}.Debug|x86.ActiveCfg = Debug|Any CPU
		{D80C4600-1476-4583-9117-74449AF7EA05}.Debug|x86.Build.0 = Debug|Any CPU
		{D80C4600-1476-4583-9117-74449AF7EA05}.Release|Any CPU.ActiveCfg = Release|Any CPU
		{D80C4600-1476-4583-9117-74449AF7EA05}.Release|Any CPU.Build.0 = Release|Any CPU
		{D80C4600-1476-4583-9117-74449AF7EA05}.Release|x64.ActiveCfg = Release|Any CPU
		{D80C4600-1476-4583-9117-74449AF7EA05}.Release|x64.Build.0 = Release|Any CPU
		{D80C4600-1476-4583-9117-74449AF7EA05}.Release|x86.ActiveCfg = Release|Any CPU
		{D80C4600-1476-4583-9117-74449AF7EA05}.Release|x86.Build.0 = Release|Any CPU
		{72C02C5B-0E70-44DF-90C4-6FBC54831BA8}.Debug|Any CPU.ActiveCfg = Debug|Any CPU
		{72C02C5B-0E70-44DF-90C4-6FBC54831BA8}.Debug|Any CPU.Build.0 = Debug|Any CPU
		{72C02C5B-0E70-44DF-90C4-6FBC54831BA8}.Debug|x64.ActiveCfg = Debug|Any CPU
		{72C02C5B-0E70-44DF-90C4-6FBC54831BA8}.Debug|x64.Build.0 = Debug|Any CPU
		{72C02C5B-0E70-44DF-90C4-6FBC54831BA8}.Debug|x86.ActiveCfg = Debug|Any CPU
		{72C02C5B-0E70-44DF-90C4-6FBC54831BA8}.Debug|x86.Build.0 = Debug|Any CPU
		{72C02C5B-0E70-44DF-90C4-6FBC54831BA8}.Release|Any CPU.ActiveCfg = Release|Any CPU
		{72C02C5B-0E70-44DF-90C4-6FBC54831BA8}.Release|Any CPU.Build.0 = Release|Any CPU
		{72C02C5B-0E70-44DF-90C4-6FBC54831BA8}.Release|x64.ActiveCfg = Release|Any CPU
		{72C02C5B-0E70-44DF-90C4-6FBC54831BA8}.Release|x64.Build.0 = Release|Any CPU
		{72C02C5B-0E70-44DF-90C4-6FBC54831BA8}.Release|x86.ActiveCfg = Release|Any CPU
		{72C02C5B-0E70-44DF-90C4-6FBC54831BA8}.Release|x86.Build.0 = Release|Any CPU
	EndGlobalSection
	GlobalSection(SolutionProperties) = preSolution
		HideSolutionNode = FALSE
	EndGlobalSection
	GlobalSection(NestedProjects) = preSolution
		{7AB8DFA4-C1A9-4476-9579-6899D5EA7B79} = {827E0CD3-B72D-47B6-A68D-7590B98EB39B}
		{83FBEB35-900E-4C78-A4ED-9424E4A554DC} = {827E0CD3-B72D-47B6-A68D-7590B98EB39B}
		{630F2B94-AA03-4D4E-B977-FE01C5D65D94} = {827E0CD3-B72D-47B6-A68D-7590B98EB39B}
		{83759376-8B6E-4DBC-B67D-0237DA1916FC} = {827E0CD3-B72D-47B6-A68D-7590B98EB39B}
		{8445BA81-1BE3-451F-87C9-A94E685269EB} = {827E0CD3-B72D-47B6-A68D-7590B98EB39B}
		{D80C4600-1476-4583-9117-74449AF7EA05} = {827E0CD3-B72D-47B6-A68D-7590B98EB39B}
		{72C02C5B-0E70-44DF-90C4-6FBC54831BA8} = {0AB3BF05-4346-4AA6-1389-037BE0695223}
	EndGlobalSection
EndGlobal
